{
  "name": "scryfall",
  "version": "1.0.0",
  "lockfileVersion": 2,
  "requires": true,
  "packages": {
    "": {
      "version": "1.0.0",
      "license": "ISC",
      "dependencies": {
        "image-downloader": "^4.0.3"
      }
    },
    "node_modules/image-downloader": {
      "version": "4.0.3",
      "resolved": "https://registry.npmjs.org/image-downloader/-/image-downloader-4.0.3.tgz",
      "integrity": "sha512-GGQmD1w41ZsQAHFVV63H2F7wB9l+v6LRbpn84Pi+P3fcxOYdHhzdCki/dhGv5ig0spi8mEiJBOY4yDGn5JTBIA==",
      "engines": {
        "node": ">=6.10.1"
      }
    }
  },
  "dependencies": {
    "image-downloader": {
      "version": "4.0.3",
      "resolved": "https://registry.npmjs.org/image-downloader/-/image-downloader-4.0.3.tgz",
      "integrity": "sha512-GGQmD1w41ZsQAHFVV63H2F7wB9l+v6LRbpn84Pi+P3fcxOYdHhzdCki/dhGv5ig0spi8mEiJBOY4yDGn5JTBIA=="
    }
  }
}
